// !$*UTF8*$!
{
	archiveVersion = 1;
	classes = {
	};
	objectVersion = 77;
	objects = {

/* Begin PBXBuildFile section */
		079C3FF7D065B99C9A027C15 /* KnownHostsStoreTests.swift in Sources */ = {isa = PBXBuildFile; fileRef = 6F7DAA139F14FBFB4F194DCB /* KnownHostsStoreTests.swift */; };
		0DEBBFCAFF7A86632663F198 /* SSHHostKey.swift in Sources */ = {isa = PBXBuildFile; fileRef = A486A3DE3C89A8C14E43EEEF /* SSHHostKey.swift */; };
		145AADBA8576FC4C69BF1BC8 /* SwiftTerm in Frameworks */ = {isa = PBXBuildFile; productRef = 2405A6660E321E153729E2BD /* SwiftTerm */; };
		1653E14758A802E34B2D3453 /* ProfileStoreTests.swift in Sources */ = {isa = PBXBuildFile; fileRef = 787368FF3973A26FC6AA69A3 /* ProfileStoreTests.swift */; };
		199A969FC03066258287619B /* SSHIdentity.swift in Sources */ = {isa = PBXBuildFile; fileRef = 52E3B0C56CC7188A2DF2FD81 /* SSHIdentity.swift */; };
		1BD36A6BACB475E9DFAE1D53 /* ProfileStore.swift in Sources */ = {isa = PBXBuildFile; fileRef = F689CDC112E74FF8BAC48F6F /* ProfileStore.swift */; };
		266962B636058A568FCB8F5C /* SSHTerminalDataSourceTests.swift in Sources */ = {isa = PBXBuildFile; fileRef = D7737EBBF766E68C2877198E /* SSHTerminalDataSourceTests.swift */; };
		28E7FD8035F83249632CA4D6 /* KeyDetailView.swift in Sources */ = {isa = PBXBuildFile; fileRef = 52E6BD37B47C60DDD8F83455 /* KeyDetailView.swift */; };
		29DFEFD0CD9ED0BB2FF51FF8 /* NIOTransportServices in Frameworks */ = {isa = PBXBuildFile; productRef = 147FB2FE6B85F58CA50C609B /* NIOTransportServices */; };
		2B4576C4667EBB7F97E71218 /* NIOSSH in Frameworks */ = {isa = PBXBuildFile; productRef = F20B148135D06BE4E3C65086 /* NIOSSH */; };
		2F607C4D49E1E4D684C28BB4 /* KeyboardAccessoryView.swift in Sources */ = {isa = PBXBuildFile; fileRef = 1215C5CC26170094FD12DEA7 /* KeyboardAccessoryView.swift */; };
		34E7B1C40E86B71969904166 /* SSHSessionTests.swift in Sources */ = {isa = PBXBuildFile; fileRef = 1E863A57C1218A460BFE57D5 /* SSHSessionTests.swift */; };
		378B8034F0BE8E7462F61FE8 /* FingerprintFormatterTests.swift in Sources */ = {isa = PBXBuildFile; fileRef = C43E97E11FB9DDC7943F85E8 /* FingerprintFormatterTests.swift */; };
		41FF003C2E5E39F9C8A6EC91 /* BiometricPolicy.swift in Sources */ = {isa = PBXBuildFile; fileRef = E5045FB9640565348B5A8110 /* BiometricPolicy.swift */; };
		48638450079FE7B30D2533E1 /* FingerprintFormatter.swift in Sources */ = {isa = PBXBuildFile; fileRef = 7F2691FB1C8F1EA60EEC2961 /* FingerprintFormatter.swift */; };
		4B9DEA460021D7BDD124B72C /* SSHTerminalDataSource.swift in Sources */ = {isa = PBXBuildFile; fileRef = F39D80F8D6D6A41615731388 /* SSHTerminalDataSource.swift */; };
		52D4F28FFD4B56D92302CE01 /* SSHAuthMethod.swift in Sources */ = {isa = PBXBuildFile; fileRef = 3B562EF274C82AFFF805DE46 /* SSHAuthMethod.swift */; };
		52E7AB6928DBD7BAB5A18380 /* KeyManagerViewModel.swift in Sources */ = {isa = PBXBuildFile; fileRef = 9EEE35B4F24CB319C9E4F1F9 /* KeyManagerViewModel.swift */; };
		54930B16B8EF78B8B57941FE /* HostKeyMismatchWarning.swift in Sources */ = {isa = PBXBuildFile; fileRef = B9FA6A4F8545F824FBC305CB /* HostKeyMismatchWarning.swift */; };
		556A984D197DAFEBF5BC93BE /* HostVerificationSheet.swift in Sources */ = {isa = PBXBuildFile; fileRef = E7140A8A516B797F7F054F66 /* HostVerificationSheet.swift */; };
		62260ED7A2BDB8D615C488F6 /* DivineMarsshTests.swift in Sources */ = {isa = PBXBuildFile; fileRef = CBA26D923336E9986B11E505 /* DivineMarsshTests.swift */; };
		62DA3B8306E2D92DC46C2827 /* ConnectionViewModel.swift in Sources */ = {isa = PBXBuildFile; fileRef = DF40EEE2F77ABF44DC954BC9 /* ConnectionViewModel.swift */; };
		68B6CE365228FB402E99CA9B /* KeyManagerViewModelTests.swift in Sources */ = {isa = PBXBuildFile; fileRef = 8ABDEBA215FDB5E01EFD84A0 /* KeyManagerViewModelTests.swift */; };
		6DD9D02790B5F682F1C8A3AD /* NIOCore in Frameworks */ = {isa = PBXBuildFile; productRef = 92EA5E8D61BCE96DD58C6501 /* NIOCore */; };
		6E44F8FBA9BC1FECE6AAAEBB /* SSHSession.swift in Sources */ = {isa = PBXBuildFile; fileRef = 5D0D88A32DF62ECFAF577D31 /* SSHSession.swift */; };
		762BB8779441EE0283CFD570 /* SEKeyAuthenticator.swift in Sources */ = {isa = PBXBuildFile; fileRef = F1BD15FB37ED81BF14121F53 /* SEKeyAuthenticator.swift */; };
		8384A1830E10386A052CF5F7 /* ImportedKeyAuthenticator.swift in Sources */ = {isa = PBXBuildFile; fileRef = 65CB9F284DEC861AED210B86 /* ImportedKeyAuthenticator.swift */; };
		874197CDF2AAD1EECD493E76 /* KeyManagerTests.swift in Sources */ = {isa = PBXBuildFile; fileRef = 13087CD2808B6103A1E50066 /* KeyManagerTests.swift */; };
		91A89F90F471FA64909AC9C6 /* DivineMarsshApp.swift in Sources */ = {isa = PBXBuildFile; fileRef = 3449C1609F5287002478D159 /* DivineMarsshApp.swift */; };
		97CB67A9ADC96D8217BDBAB4 /* SSHConnectionProfile.swift in Sources */ = {isa = PBXBuildFile; fileRef = ED0E54054300024933D2EE69 /* SSHConnectionProfile.swift */; };
		9D9219D22F28756A10FFD088 /* ConnectionViewModelTests.swift in Sources */ = {isa = PBXBuildFile; fileRef = 038173904DC82D5CECC4D2FD /* ConnectionViewModelTests.swift */; };
		A22CF52E68FCF48E80569066 /* ContentView.swift in Sources */ = {isa = PBXBuildFile; fileRef = 2C166692098888B8C32934E2 /* ContentView.swift */; };
		A8552C0C91F78A0EC351820B /* TerminalViewController.swift in Sources */ = {isa = PBXBuildFile; fileRef = EAA6846E7FD0815AFB4AC585 /* TerminalViewController.swift */; };
		ADAA7597609064FD766A7CB6 /* SSHAuthenticatable.swift in Sources */ = {isa = PBXBuildFile; fileRef = 7BD25E5F829FB49210857487 /* SSHAuthenticatable.swift */; };
		B2F78DA4D46B2128C871379E /* SSHSessionManager.swift in Sources */ = {isa = PBXBuildFile; fileRef = D9286C2B03FA0F033E38A698 /* SSHSessionManager.swift */; };
		BB64BABE77A5C5B4BFC51B3A /* KeychainKeyManager.swift in Sources */ = {isa = PBXBuildFile; fileRef = CEAA06BC02431C42E488BA7C /* KeychainKeyManager.swift */; };
		C128ECD0BC522408E822547B /* SecureEnclaveKeyManagerTests.swift in Sources */ = {isa = PBXBuildFile; fileRef = 57C3886FBAF9693C0C5F0500 /* SecureEnclaveKeyManagerTests.swift */; };
		C7A5E85448F40F0E0375BBFE /* KnownHostsStore.swift in Sources */ = {isa = PBXBuildFile; fileRef = F7C052B361AFB7594E6E138D /* KnownHostsStore.swift */; };
		C89E4165FA151140B6705CCB /* Citadel in Frameworks */ = {isa = PBXBuildFile; productRef = 4E31904FC034D29999A090B0 /* Citadel */; };
		CC4FCE47DB7C71DBFA6F9370 /* SecureEnclaveKeyManager.swift in Sources */ = {isa = PBXBuildFile; fileRef = 9FD3461DF50A4E18871F345C /* SecureEnclaveKeyManager.swift */; };
		CC9F75D8825F0FBCD66AA7A5 /* KeyManager.swift in Sources */ = {isa = PBXBuildFile; fileRef = 65CBEA2E281AD276CBBFD52B /* KeyManager.swift */; };
		CEC85CEEF1042D46E21E8BCA /* SSHSessionManagerTests.swift in Sources */ = {isa = PBXBuildFile; fileRef = 73AFBB77C48A1B7263A73446 /* SSHSessionManagerTests.swift */; };
		D14F4724981E1504598EFE21 /* KeyboardAccessoryTests.swift in Sources */ = {isa = PBXBuildFile; fileRef = 819F9A8534F1E11676D0F2CE /* KeyboardAccessoryTests.swift */; };
		D2E23856384289A09491A18A /* ConnectionListView.swift in Sources */ = {isa = PBXBuildFile; fileRef = C9A435866C8ECA26644D53B4 /* ConnectionListView.swift */; };
		DC5DC8A620D087485D216AD2 /* TerminalScreen.swift in Sources */ = {isa = PBXBuildFile; fileRef = 0767CB4BDDF289700A12EE1C /* TerminalScreen.swift */; };
		DCF884D3F0BB762E52B97C90 /* KeyManagerView.swift in Sources */ = {isa = PBXBuildFile; fileRef = CC14D026864E2E70E3AD617A /* KeyManagerView.swift */; };
		DD2F8E418AD9F2CBEFE6B6F4 /* KeychainKeyManagerTests.swift in Sources */ = {isa = PBXBuildFile; fileRef = E31DA89DE913B3AB75B40B78 /* KeychainKeyManagerTests.swift */; };
		E44C6BB1D045F61D3E2262A0 /* TerminalViewRepresentable.swift in Sources */ = {isa = PBXBuildFile; fileRef = B22F0262FF6A695FB9E517FC /* TerminalViewRepresentable.swift */; };
		E715A52FA98920593259C502 /* ConnectionState.swift in Sources */ = {isa = PBXBuildFile; fileRef = 9B428FC24145CC0B43756EDB /* ConnectionState.swift */; };
		E80C391E44A3D00F71AD5B05 /* ConnectionEditorView.swift in Sources */ = {isa = PBXBuildFile; fileRef = FC5B3A76DC18E11A6C4EE191 /* ConnectionEditorView.swift */; };
		EFA7A8C6FDF50B9AF179C8C7 /* HostKeyVerifier.swift in Sources */ = {isa = PBXBuildFile; fileRef = EAA5F6DD8ECF756774F4F1D8 /* HostKeyVerifier.swift */; };
		FBB248C450F3C3855A16C4DE /* ModelTests.swift in Sources */ = {isa = PBXBuildFile; fileRef = D75A8CA23BAADAA7CCB1B90F /* ModelTests.swift */; };
		A1B2C3D4E5F60718293A4B5C /* TerminalStateCache.swift in Sources */ = {isa = PBXBuildFile; fileRef = A1B2C3D4E5F60718293A4B5D /* TerminalStateCache.swift */; };
		A1B2C3D4E5F60718293A4B5E /* TerminalStateCacheTests.swift in Sources */ = {isa = PBXBuildFile; fileRef = A1B2C3D4E5F60718293A4B5F /* TerminalStateCacheTests.swift */; };
		B1A2C3D4E5F60001293A4B00 /* AlgorithmPolicy.swift in Sources */ = {isa = PBXBuildFile; fileRef = B1A2C3D4E5F60001293A4B01 /* AlgorithmPolicy.swift */; };
		B1A2C3D4E5F60001293A4B02 /* MemoryHygiene.swift in Sources */ = {isa = PBXBuildFile; fileRef = B1A2C3D4E5F60001293A4B03 /* MemoryHygiene.swift */; };
		B1A2C3D4E5F60001293A4B04 /* AlgorithmPolicyTests.swift in Sources */ = {isa = PBXBuildFile; fileRef = B1A2C3D4E5F60001293A4B05 /* AlgorithmPolicyTests.swift */; };
		B1A2C3D4E5F60001293A4B06 /* MemoryHygieneTests.swift in Sources */ = {isa = PBXBuildFile; fileRef = B1A2C3D4E5F60001293A4B07 /* MemoryHygieneTests.swift */; };
		C1D2E3F4A5B60718394A5B6C /* FingerprintURIParser.swift in Sources */ = {isa = PBXBuildFile; fileRef = C1D2E3F4A5B60718394A5B6D /* FingerprintURIParser.swift */; };
		C1D2E3F4A5B60718394A5B6E /* QRFingerprintScanner.swift in Sources */ = {isa = PBXBuildFile; fileRef = C1D2E3F4A5B60718394A5B6F /* QRFingerprintScanner.swift */; };
		C1D2E3F4A5B60718394A5B70 /* FingerprintURIParserTests.swift in Sources */ = {isa = PBXBuildFile; fileRef = C1D2E3F4A5B60718394A5B71 /* FingerprintURIParserTests.swift */; };
/* End PBXBuildFile section */

/* Begin PBXContainerItemProxy section */
		11CD0822E904EAF8D2D894B1 /* PBXContainerItemProxy */ = {
			isa = PBXContainerItemProxy;
			containerPortal = 44FB17290E6FBE720BC6B785 /* Project object */;
			proxyType = 1;
			remoteGlobalIDString = 74D8105AA9F57520C462CB33;
			remoteInfo = DivineMarssh;
		};
/* End PBXContainerItemProxy section */

/* Begin PBXFileReference section */
		038173904DC82D5CECC4D2FD /* ConnectionViewModelTests.swift */ = {isa = PBXFileReference; lastKnownFileType = sourcecode.swift; path = ConnectionViewModelTests.swift; sourceTree = "<group>"; };
		0767CB4BDDF289700A12EE1C /* TerminalScreen.swift */ = {isa = PBXFileReference; lastKnownFileType = sourcecode.swift; path = TerminalScreen.swift; sourceTree = "<group>"; };
		1215C5CC26170094FD12DEA7 /* KeyboardAccessoryView.swift */ = {isa = PBXFileReference; lastKnownFileType = sourcecode.swift; path = KeyboardAccessoryView.swift; sourceTree = "<group>"; };
		13087CD2808B6103A1E50066 /* KeyManagerTests.swift */ = {isa = PBXFileReference; lastKnownFileType = sourcecode.swift; path = KeyManagerTests.swift; sourceTree = "<group>"; };
		1719AEB110996F6871F61FEF /* DivineMarsshTests.xctest */ = {isa = PBXFileReference; includeInIndex = 0; lastKnownFileType = wrapper.cfbundle; path = DivineMarsshTests.xctest; sourceTree = BUILT_PRODUCTS_DIR; };
		1E863A57C1218A460BFE57D5 /* SSHSessionTests.swift */ = {isa = PBXFileReference; lastKnownFileType = sourcecode.swift; path = SSHSessionTests.swift; sourceTree = "<group>"; };
		2C166692098888B8C32934E2 /* ContentView.swift */ = {isa = PBXFileReference; lastKnownFileType = sourcecode.swift; path = ContentView.swift; sourceTree = "<group>"; };
		3449C1609F5287002478D159 /* DivineMarsshApp.swift */ = {isa = PBXFileReference; lastKnownFileType = sourcecode.swift; path = DivineMarsshApp.swift; sourceTree = "<group>"; };
		3B562EF274C82AFFF805DE46 /* SSHAuthMethod.swift */ = {isa = PBXFileReference; lastKnownFileType = sourcecode.swift; path = SSHAuthMethod.swift; sourceTree = "<group>"; };
		3E17AD78D5767695C19EABB7 /* DivineMarssh.app */ = {isa = PBXFileReference; includeInIndex = 0; lastKnownFileType = wrapper.application; path = DivineMarssh.app; sourceTree = BUILT_PRODUCTS_DIR; };
		52E3B0C56CC7188A2DF2FD81 /* SSHIdentity.swift */ = {isa = PBXFileReference; lastKnownFileType = sourcecode.swift; path = SSHIdentity.swift; sourceTree = "<group>"; };
		52E6BD37B47C60DDD8F83455 /* KeyDetailView.swift */ = {isa = PBXFileReference; lastKnownFileType = sourcecode.swift; path = KeyDetailView.swift; sourceTree = "<group>"; };
		57C3886FBAF9693C0C5F0500 /* SecureEnclaveKeyManagerTests.swift */ = {isa = PBXFileReference; lastKnownFileType = sourcecode.swift; path = SecureEnclaveKeyManagerTests.swift; sourceTree = "<group>"; };
		5D0D88A32DF62ECFAF577D31 /* SSHSession.swift */ = {isa = PBXFileReference; lastKnownFileType = sourcecode.swift; path = SSHSession.swift; sourceTree = "<group>"; };
		65CB9F284DEC861AED210B86 /* ImportedKeyAuthenticator.swift */ = {isa = PBXFileReference; lastKnownFileType = sourcecode.swift; path = ImportedKeyAuthenticator.swift; sourceTree = "<group>"; };
		65CBEA2E281AD276CBBFD52B /* KeyManager.swift */ = {isa = PBXFileReference; lastKnownFileType = sourcecode.swift; path = KeyManager.swift; sourceTree = "<group>"; };
		6F7DAA139F14FBFB4F194DCB /* KnownHostsStoreTests.swift */ = {isa = PBXFileReference; lastKnownFileType = sourcecode.swift; path = KnownHostsStoreTests.swift; sourceTree = "<group>"; };
		73AFBB77C48A1B7263A73446 /* SSHSessionManagerTests.swift */ = {isa = PBXFileReference; lastKnownFileType = sourcecode.swift; path = SSHSessionManagerTests.swift; sourceTree = "<group>"; };
		787368FF3973A26FC6AA69A3 /* ProfileStoreTests.swift */ = {isa = PBXFileReference; lastKnownFileType = sourcecode.swift; path = ProfileStoreTests.swift; sourceTree = "<group>"; };
		7BD25E5F829FB49210857487 /* SSHAuthenticatable.swift */ = {isa = PBXFileReference; lastKnownFileType = sourcecode.swift; path = SSHAuthenticatable.swift; sourceTree = "<group>"; };
		7F2691FB1C8F1EA60EEC2961 /* FingerprintFormatter.swift */ = {isa = PBXFileReference; lastKnownFileType = sourcecode.swift; path = FingerprintFormatter.swift; sourceTree = "<group>"; };
		819F9A8534F1E11676D0F2CE /* KeyboardAccessoryTests.swift */ = {isa = PBXFileReference; lastKnownFileType = sourcecode.swift; path = KeyboardAccessoryTests.swift; sourceTree = "<group>"; };
		8ABDEBA215FDB5E01EFD84A0 /* KeyManagerViewModelTests.swift */ = {isa = PBXFileReference; lastKnownFileType = sourcecode.swift; path = KeyManagerViewModelTests.swift; sourceTree = "<group>"; };
		9B428FC24145CC0B43756EDB /* ConnectionState.swift */ = {isa = PBXFileReference; lastKnownFileType = sourcecode.swift; path = ConnectionState.swift; sourceTree = "<group>"; };
		9EEE35B4F24CB319C9E4F1F9 /* KeyManagerViewModel.swift */ = {isa = PBXFileReference; lastKnownFileType = sourcecode.swift; path = KeyManagerViewModel.swift; sourceTree = "<group>"; };
		9FD3461DF50A4E18871F345C /* SecureEnclaveKeyManager.swift */ = {isa = PBXFileReference; lastKnownFileType = sourcecode.swift; path = SecureEnclaveKeyManager.swift; sourceTree = "<group>"; };
		A486A3DE3C89A8C14E43EEEF /* SSHHostKey.swift */ = {isa = PBXFileReference; lastKnownFileType = sourcecode.swift; path = SSHHostKey.swift; sourceTree = "<group>"; };
		B22F0262FF6A695FB9E517FC /* TerminalViewRepresentable.swift */ = {isa = PBXFileReference; lastKnownFileType = sourcecode.swift; path = TerminalViewRepresentable.swift; sourceTree = "<group>"; };
		B9FA6A4F8545F824FBC305CB /* HostKeyMismatchWarning.swift */ = {isa = PBXFileReference; lastKnownFileType = sourcecode.swift; path = HostKeyMismatchWarning.swift; sourceTree = "<group>"; };
		BF424B1FAA7BAEB86C24BAAB /* Info.plist */ = {isa = PBXFileReference; lastKnownFileType = text.plist; path = Info.plist; sourceTree = "<group>"; };
		C43E97E11FB9DDC7943F85E8 /* FingerprintFormatterTests.swift */ = {isa = PBXFileReference; lastKnownFileType = sourcecode.swift; path = FingerprintFormatterTests.swift; sourceTree = "<group>"; };
		C9A435866C8ECA26644D53B4 /* ConnectionListView.swift */ = {isa = PBXFileReference; lastKnownFileType = sourcecode.swift; path = ConnectionListView.swift; sourceTree = "<group>"; };
		CBA26D923336E9986B11E505 /* DivineMarsshTests.swift */ = {isa = PBXFileReference; lastKnownFileType = sourcecode.swift; path = DivineMarsshTests.swift; sourceTree = "<group>"; };
		CC14D026864E2E70E3AD617A /* KeyManagerView.swift */ = {isa = PBXFileReference; lastKnownFileType = sourcecode.swift; path = KeyManagerView.swift; sourceTree = "<group>"; };
		CEAA06BC02431C42E488BA7C /* KeychainKeyManager.swift */ = {isa = PBXFileReference; lastKnownFileType = sourcecode.swift; path = KeychainKeyManager.swift; sourceTree = "<group>"; };
		D75A8CA23BAADAA7CCB1B90F /* ModelTests.swift */ = {isa = PBXFileReference; lastKnownFileType = sourcecode.swift; path = ModelTests.swift; sourceTree = "<group>"; };
		D7737EBBF766E68C2877198E /* SSHTerminalDataSourceTests.swift */ = {isa = PBXFileReference; lastKnownFileType = sourcecode.swift; path = SSHTerminalDataSourceTests.swift; sourceTree = "<group>"; };
		D9286C2B03FA0F033E38A698 /* SSHSessionManager.swift */ = {isa = PBXFileReference; lastKnownFileType = sourcecode.swift; path = SSHSessionManager.swift; sourceTree = "<group>"; };
		DF40EEE2F77ABF44DC954BC9 /* ConnectionViewModel.swift */ = {isa = PBXFileReference; lastKnownFileType = sourcecode.swift; path = ConnectionViewModel.swift; sourceTree = "<group>"; };
		E31DA89DE913B3AB75B40B78 /* KeychainKeyManagerTests.swift */ = {isa = PBXFileReference; lastKnownFileType = sourcecode.swift; path = KeychainKeyManagerTests.swift; sourceTree = "<group>"; };
		E5045FB9640565348B5A8110 /* BiometricPolicy.swift */ = {isa = PBXFileReference; lastKnownFileType = sourcecode.swift; path = BiometricPolicy.swift; sourceTree = "<group>"; };
		E7140A8A516B797F7F054F66 /* HostVerificationSheet.swift */ = {isa = PBXFileReference; lastKnownFileType = sourcecode.swift; path = HostVerificationSheet.swift; sourceTree = "<group>"; };
		EAA5F6DD8ECF756774F4F1D8 /* HostKeyVerifier.swift */ = {isa = PBXFileReference; lastKnownFileType = sourcecode.swift; path = HostKeyVerifier.swift; sourceTree = "<group>"; };
		EAA6846E7FD0815AFB4AC585 /* TerminalViewController.swift */ = {isa = PBXFileReference; lastKnownFileType = sourcecode.swift; path = TerminalViewController.swift; sourceTree = "<group>"; };
		ED0E54054300024933D2EE69 /* SSHConnectionProfile.swift */ = {isa = PBXFileReference; lastKnownFileType = sourcecode.swift; path = SSHConnectionProfile.swift; sourceTree = "<group>"; };
		F1BD15FB37ED81BF14121F53 /* SEKeyAuthenticator.swift */ = {isa = PBXFileReference; lastKnownFileType = sourcecode.swift; path = SEKeyAuthenticator.swift; sourceTree = "<group>"; };
		F39D80F8D6D6A41615731388 /* SSHTerminalDataSource.swift */ = {isa = PBXFileReference; lastKnownFileType = sourcecode.swift; path = SSHTerminalDataSource.swift; sourceTree = "<group>"; };
		F689CDC112E74FF8BAC48F6F /* ProfileStore.swift */ = {isa = PBXFileReference; lastKnownFileType = sourcecode.swift; path = ProfileStore.swift; sourceTree = "<group>"; };
		F7C052B361AFB7594E6E138D /* KnownHostsStore.swift */ = {isa = PBXFileReference; lastKnownFileType = sourcecode.swift; path = KnownHostsStore.swift; sourceTree = "<group>"; };
		FC5B3A76DC18E11A6C4EE191 /* ConnectionEditorView.swift */ = {isa = PBXFileReference; lastKnownFileType = sourcecode.swift; path = ConnectionEditorView.swift; sourceTree = "<group>"; };
		A1B2C3D4E5F60718293A4B5D /* TerminalStateCache.swift */ = {isa = PBXFileReference; lastKnownFileType = sourcecode.swift; path = TerminalStateCache.swift; sourceTree = "<group>"; };
		A1B2C3D4E5F60718293A4B5F /* TerminalStateCacheTests.swift */ = {isa = PBXFileReference; lastKnownFileType = sourcecode.swift; path = TerminalStateCacheTests.swift; sourceTree = "<group>"; };
		B1A2C3D4E5F60001293A4B01 /* AlgorithmPolicy.swift */ = {isa = PBXFileReference; lastKnownFileType = sourcecode.swift; path = AlgorithmPolicy.swift; sourceTree = "<group>"; };
		B1A2C3D4E5F60001293A4B03 /* MemoryHygiene.swift */ = {isa = PBXFileReference; lastKnownFileType = sourcecode.swift; path = MemoryHygiene.swift; sourceTree = "<group>"; };
		B1A2C3D4E5F60001293A4B05 /* AlgorithmPolicyTests.swift */ = {isa = PBXFileReference; lastKnownFileType = sourcecode.swift; path = AlgorithmPolicyTests.swift; sourceTree = "<group>"; };
		B1A2C3D4E5F60001293A4B07 /* MemoryHygieneTests.swift */ = {isa = PBXFileReference; lastKnownFileType = sourcecode.swift; path = MemoryHygieneTests.swift; sourceTree = "<group>"; };
		C1D2E3F4A5B60718394A5B6D /* FingerprintURIParser.swift */ = {isa = PBXFileReference; lastKnownFileType = sourcecode.swift; path = FingerprintURIParser.swift; sourceTree = "<group>"; };
		C1D2E3F4A5B60718394A5B6F /* QRFingerprintScanner.swift */ = {isa = PBXFileReference; lastKnownFileType = sourcecode.swift; path = QRFingerprintScanner.swift; sourceTree = "<group>"; };
		C1D2E3F4A5B60718394A5B71 /* FingerprintURIParserTests.swift */ = {isa = PBXFileReference; lastKnownFileType = sourcecode.swift; path = FingerprintURIParserTests.swift; sourceTree = "<group>"; };
/* End PBXFileReference section */

/* Begin PBXFrameworksBuildPhase section */
		E645254F3279D1AB1E72F3B5 /* Frameworks */ = {
			isa = PBXFrameworksBuildPhase;
			buildActionMask = 2147483647;
			files = (
				C89E4165FA151140B6705CCB /* Citadel in Frameworks */,
				145AADBA8576FC4C69BF1BC8 /* SwiftTerm in Frameworks */,
				29DFEFD0CD9ED0BB2FF51FF8 /* NIOTransportServices in Frameworks */,
				2B4576C4667EBB7F97E71218 /* NIOSSH in Frameworks */,
				6DD9D02790B5F682F1C8A3AD /* NIOCore in Frameworks */,
			);
			runOnlyForDeploymentPostprocessing = 0;
		};
/* End PBXFrameworksBuildPhase section */

/* Begin PBXGroup section */
		00E0D1FC84D90FB52F088503 /* ConnectionTests */ = {
			isa = PBXGroup;
			children = (
				038173904DC82D5CECC4D2FD /* ConnectionViewModelTests.swift */,
			);
			path = ConnectionTests;
			sourceTree = "<group>";
		};
		0E0C080AC3C1DAC301D394E7 /* HostVerificationTests */ = {
			isa = PBXGroup;
			children = (
				C43E97E11FB9DDC7943F85E8 /* FingerprintFormatterTests.swift */,
				C1D2E3F4A5B60718394A5B71 /* FingerprintURIParserTests.swift */,
				6F7DAA139F14FBFB4F194DCB /* KnownHostsStoreTests.swift */,
			);
			path = HostVerificationTests;
			sourceTree = "<group>";
		};
		0F0053E6A9792A9EEB035712 /* Products */ = {
			isa = PBXGroup;
			children = (
				3E17AD78D5767695C19EABB7 /* DivineMarssh.app */,
				1719AEB110996F6871F61FEF /* DivineMarsshTests.xctest */,
			);
			name = Products;
			sourceTree = "<group>";
		};
		1A1C06B943A9D4369482B3E4 /* KeyManagerTests */ = {
			isa = PBXGroup;
			children = (
				8ABDEBA215FDB5E01EFD84A0 /* KeyManagerViewModelTests.swift */,
			);
			path = KeyManagerTests;
			sourceTree = "<group>";
		};
		1D6C23B50F8E0A8F44BEE068 /* StorageTests */ = {
			isa = PBXGroup;
			children = (
				D75A8CA23BAADAA7CCB1B90F /* ModelTests.swift */,
				787368FF3973A26FC6AA69A3 /* ProfileStoreTests.swift */,
				A1B2C3D4E5F60718293A4B5F /* TerminalStateCacheTests.swift */,
			);
			path = StorageTests;
			sourceTree = "<group>";
		};
		383F2DA3797E6CEE31124E79 /* Terminal */ = {
			isa = PBXGroup;
			children = (
				1215C5CC26170094FD12DEA7 /* KeyboardAccessoryView.swift */,
				F39D80F8D6D6A41615731388 /* SSHTerminalDataSource.swift */,
				0767CB4BDDF289700A12EE1C /* TerminalScreen.swift */,
				EAA6846E7FD0815AFB4AC585 /* TerminalViewController.swift */,
				B22F0262FF6A695FB9E517FC /* TerminalViewRepresentable.swift */,
			);
			path = Terminal;
			sourceTree = "<group>";
		};
		39A255D7F7A7AD62D9E0C604 /* SSH */ = {
			isa = PBXGroup;
			children = (
				B1A2C3D4E5F60001293A4B01 /* AlgorithmPolicy.swift */,
				9B428FC24145CC0B43756EDB /* ConnectionState.swift */,
				5D0D88A32DF62ECFAF577D31 /* SSHSession.swift */,
				D9286C2B03FA0F033E38A698 /* SSHSessionManager.swift */,
			);
			path = SSH;
			sourceTree = "<group>";
		};
		4C3D4986AEE6546275335F65 /* HostVerification */ = {
			isa = PBXGroup;
			children = (
				7F2691FB1C8F1EA60EEC2961 /* FingerprintFormatter.swift */,
				C1D2E3F4A5B60718394A5B6D /* FingerprintURIParser.swift */,
				B9FA6A4F8545F824FBC305CB /* HostKeyMismatchWarning.swift */,
				EAA5F6DD8ECF756774F4F1D8 /* HostKeyVerifier.swift */,
				E7140A8A516B797F7F054F66 /* HostVerificationSheet.swift */,
				C1D2E3F4A5B60718394A5B6F /* QRFingerprintScanner.swift */,
			);
			path = HostVerification;
			sourceTree = "<group>";
		};
		4E5C09FABE325813352C2F38 /* UI */ = {
			isa = PBXGroup;
			children = (
			);
			path = UI;
			sourceTree = "<group>";
		};
		6F749051BCB631A79DF03EEB /* Tests */ = {
			isa = PBXGroup;
			children = (
				A7AC1478077679D6EE8EFF58 /* DivineMarsshTests */,
			);
			path = Tests;
			sourceTree = "<group>";
		};
		7C4E4C9122683FC6AC7612AA /* Models */ = {
			isa = PBXGroup;
			children = (
				3B562EF274C82AFFF805DE46 /* SSHAuthMethod.swift */,
				ED0E54054300024933D2EE69 /* SSHConnectionProfile.swift */,
				A486A3DE3C89A8C14E43EEEF /* SSHHostKey.swift */,
				52E3B0C56CC7188A2DF2FD81 /* SSHIdentity.swift */,
			);
			path = Models;
			sourceTree = "<group>";
		};
		9036359C7D8115993CBDD718 /* Storage */ = {
			isa = PBXGroup;
			children = (
				F7C052B361AFB7594E6E138D /* KnownHostsStore.swift */,
				F689CDC112E74FF8BAC48F6F /* ProfileStore.swift */,
				A1B2C3D4E5F60718293A4B5D /* TerminalStateCache.swift */,
				7C4E4C9122683FC6AC7612AA /* Models */,
			);
			path = Storage;
			sourceTree = "<group>";
		};
		A35C3422D1B60B14644F59E2 /* KeyManager */ = {
			isa = PBXGroup;
			children = (
				52E6BD37B47C60DDD8F83455 /* KeyDetailView.swift */,
				CC14D026864E2E70E3AD617A /* KeyManagerView.swift */,
				9EEE35B4F24CB319C9E4F1F9 /* KeyManagerViewModel.swift */,
			);
			path = KeyManager;
			sourceTree = "<group>";
		};
		A4B7EE23027DBF271195BFD9 /* Connection */ = {
			isa = PBXGroup;
			children = (
				FC5B3A76DC18E11A6C4EE191 /* ConnectionEditorView.swift */,
				C9A435866C8ECA26644D53B4 /* ConnectionListView.swift */,
				DF40EEE2F77ABF44DC954BC9 /* ConnectionViewModel.swift */,
			);
			path = Connection;
			sourceTree = "<group>";
		};
		A57D1C9882F2CC206C9DFF62 = {
			isa = PBXGroup;
			children = (
				E54B997BF8E7B824B58249E4 /* App */,
				6F749051BCB631A79DF03EEB /* Tests */,
				0F0053E6A9792A9EEB035712 /* Products */,
			);
			sourceTree = "<group>";
		};
		A7AC1478077679D6EE8EFF58 /* DivineMarsshTests */ = {
			isa = PBXGroup;
			children = (
				CBA26D923336E9986B11E505 /* DivineMarsshTests.swift */,
				00E0D1FC84D90FB52F088503 /* ConnectionTests */,
				ED0DB843D241EB938C8BA1AD /* CryptoTests */,
				0E0C080AC3C1DAC301D394E7 /* HostVerificationTests */,
				1A1C06B943A9D4369482B3E4 /* KeyManagerTests */,
				B1A2C3D4E5F60001293A4B08 /* SecurityTests */,
				BC11E95CA91C91FA2EB3C0AA /* SSHTests */,
				1D6C23B50F8E0A8F44BEE068 /* StorageTests */,
				C68E27CBA2257B0DF8A228B2 /* TerminalTests */,
			);
			path = DivineMarsshTests;
			sourceTree = "<group>";
		};
		B1A2C3D4E5F60001293A4B08 /* SecurityTests */ = {
			isa = PBXGroup;
			children = (
				B1A2C3D4E5F60001293A4B05 /* AlgorithmPolicyTests.swift */,
				B1A2C3D4E5F60001293A4B07 /* MemoryHygieneTests.swift */,
			);
			path = SecurityTests;
			sourceTree = "<group>";
		};
		B61B30D30FF578DC9B8EAEC2 /* Crypto */ = {
			isa = PBXGroup;
			children = (
				E5045FB9640565348B5A8110 /* BiometricPolicy.swift */,
				65CB9F284DEC861AED210B86 /* ImportedKeyAuthenticator.swift */,
				CEAA06BC02431C42E488BA7C /* KeychainKeyManager.swift */,
				65CBEA2E281AD276CBBFD52B /* KeyManager.swift */,
				B1A2C3D4E5F60001293A4B03 /* MemoryHygiene.swift */,
				9FD3461DF50A4E18871F345C /* SecureEnclaveKeyManager.swift */,
				F1BD15FB37ED81BF14121F53 /* SEKeyAuthenticator.swift */,
				7BD25E5F829FB49210857487 /* SSHAuthenticatable.swift */,
			);
			path = Crypto;
			sourceTree = "<group>";
		};
		BC11E95CA91C91FA2EB3C0AA /* SSHTests */ = {
			isa = PBXGroup;
			children = (
				73AFBB77C48A1B7263A73446 /* SSHSessionManagerTests.swift */,
				1E863A57C1218A460BFE57D5 /* SSHSessionTests.swift */,
			);
			path = SSHTests;
			sourceTree = "<group>";
		};
		C68E27CBA2257B0DF8A228B2 /* TerminalTests */ = {
			isa = PBXGroup;
			children = (
				819F9A8534F1E11676D0F2CE /* KeyboardAccessoryTests.swift */,
				D7737EBBF766E68C2877198E /* SSHTerminalDataSourceTests.swift */,
			);
			path = TerminalTests;
			sourceTree = "<group>";
		};
		C9847DB39C6F648B620F2168 /* Features */ = {
			isa = PBXGroup;
			children = (
				A4B7EE23027DBF271195BFD9 /* Connection */,
				4C3D4986AEE6546275335F65 /* HostVerification */,
				A35C3422D1B60B14644F59E2 /* KeyManager */,
				383F2DA3797E6CEE31124E79 /* Terminal */,
			);
			path = Features;
			sourceTree = "<group>";
		};
		D2C90341B05E88715F12E40A /* Core */ = {
			isa = PBXGroup;
			children = (
				B61B30D30FF578DC9B8EAEC2 /* Crypto */,
				39A255D7F7A7AD62D9E0C604 /* SSH */,
				9036359C7D8115993CBDD718 /* Storage */,
			);
			path = Core;
			sourceTree = "<group>";
		};
		E54B997BF8E7B824B58249E4 /* App */ = {
			isa = PBXGroup;
			children = (
				2C166692098888B8C32934E2 /* ContentView.swift */,
				3449C1609F5287002478D159 /* DivineMarsshApp.swift */,
				BF424B1FAA7BAEB86C24BAAB /* Info.plist */,
				D2C90341B05E88715F12E40A /* Core */,
				C9847DB39C6F648B620F2168 /* Features */,
				4E5C09FABE325813352C2F38 /* UI */,
			);
			path = App;
			sourceTree = "<group>";
		};
		ED0DB843D241EB938C8BA1AD /* CryptoTests */ = {
			isa = PBXGroup;
			children = (
				E31DA89DE913B3AB75B40B78 /* KeychainKeyManagerTests.swift */,
				13087CD2808B6103A1E50066 /* KeyManagerTests.swift */,
				57C3886FBAF9693C0C5F0500 /* SecureEnclaveKeyManagerTests.swift */,
			);
			path = CryptoTests;
			sourceTree = "<group>";
		};
/* End PBXGroup section */

/* Begin PBXNativeTarget section */
		244511EEA60918A4D1049C4A /* DivineMarsshTests */ = {
			isa = PBXNativeTarget;
			buildConfigurationList = 1DB286DD0EA49F23BE21095F /* Build configuration list for PBXNativeTarget "DivineMarsshTests" */;
			buildPhases = (
				81032829A16F42A254C2D578 /* Sources */,
			);
			buildRules = (
			);
			dependencies = (
				80C11F4ACA04DF9BCED5F19D /* PBXTargetDependency */,
			);
			name = DivineMarsshTests;
			packageProductDependencies = (
			);
			productName = DivineMarsshTests;
			productReference = 1719AEB110996F6871F61FEF /* DivineMarsshTests.xctest */;
			productType = "com.apple.product-type.bundle.unit-test";
		};
		74D8105AA9F57520C462CB33 /* DivineMarssh */ = {
			isa = PBXNativeTarget;
			buildConfigurationList = 6E592D866BE704000B56CCFB /* Build configuration list for PBXNativeTarget "DivineMarssh" */;
			buildPhases = (
				017DAB26B7090EE3C7D17A14 /* Sources */,
				E645254F3279D1AB1E72F3B5 /* Frameworks */,
			);
			buildRules = (
			);
			dependencies = (
			);
			name = DivineMarssh;
			packageProductDependencies = (
				4E31904FC034D29999A090B0 /* Citadel */,
				2405A6660E321E153729E2BD /* SwiftTerm */,
				147FB2FE6B85F58CA50C609B /* NIOTransportServices */,
				F20B148135D06BE4E3C65086 /* NIOSSH */,
				92EA5E8D61BCE96DD58C6501 /* NIOCore */,
			);
			productName = DivineMarssh;
			productReference = 3E17AD78D5767695C19EABB7 /* DivineMarssh.app */;
			productType = "com.apple.product-type.application";
		};
/* End PBXNativeTarget section */

/* Begin PBXProject section */
		44FB17290E6FBE720BC6B785 /* Project object */ = {
			isa = PBXProject;
			attributes = {
				BuildIndependentTargetsInParallel = YES;
				LastUpgradeCheck = 1630;
				TargetAttributes = {
				};
			};
			buildConfigurationList = 1A6FF3215959D457359AFFE6 /* Build configuration list for PBXProject "DivineMarssh" */;
			developmentRegion = en;
			hasScannedForEncodings = 0;
			knownRegions = (
				Base,
				en,
			);
			mainGroup = A57D1C9882F2CC206C9DFF62;
			minimizedProjectReferenceProxies = 1;
			packageReferences = (
				133525F71FE2A99E164C834F /* XCRemoteSwiftPackageReference "Citadel" */,
				8254571F16D4110681EEA05A /* XCRemoteSwiftPackageReference "SwiftTerm" */,
				9A0008B6E2F67C6B4DD19153 /* XCRemoteSwiftPackageReference "swift-nio" */,
				88F528284E3C592B308D605F /* XCRemoteSwiftPackageReference "swift-nio-ssh" */,
				65D4C24FB86B685B2DCDCC17 /* XCRemoteSwiftPackageReference "swift-nio-transport-services" */,
			);
			preferredProjectObjectVersion = 77;
			productRefGroup = 0F0053E6A9792A9EEB035712 /* Products */;
			projectDirPath = "";
			projectRoot = "";
			targets = (
				74D8105AA9F57520C462CB33 /* DivineMarssh */,
				244511EEA60918A4D1049C4A /* DivineMarsshTests */,
			);
		};
/* End PBXProject section */

/* Begin PBXSourcesBuildPhase section */
		017DAB26B7090EE3C7D17A14 /* Sources */ = {
			isa = PBXSourcesBuildPhase;
			buildActionMask = 2147483647;
			files = (
				41FF003C2E5E39F9C8A6EC91 /* BiometricPolicy.swift in Sources */,
				E80C391E44A3D00F71AD5B05 /* ConnectionEditorView.swift in Sources */,
				D2E23856384289A09491A18A /* ConnectionListView.swift in Sources */,
				E715A52FA98920593259C502 /* ConnectionState.swift in Sources */,
				62DA3B8306E2D92DC46C2827 /* ConnectionViewModel.swift in Sources */,
				A22CF52E68FCF48E80569066 /* ContentView.swift in Sources */,
				91A89F90F471FA64909AC9C6 /* DivineMarsshApp.swift in Sources */,
				C1D2E3F4A5B60718394A5B6C /* FingerprintURIParser.swift in Sources */,
				48638450079FE7B30D2533E1 /* FingerprintFormatter.swift in Sources */,
				54930B16B8EF78B8B57941FE /* HostKeyMismatchWarning.swift in Sources */,
				EFA7A8C6FDF50B9AF179C8C7 /* HostKeyVerifier.swift in Sources */,
				556A984D197DAFEBF5BC93BE /* HostVerificationSheet.swift in Sources */,
				8384A1830E10386A052CF5F7 /* ImportedKeyAuthenticator.swift in Sources */,
				28E7FD8035F83249632CA4D6 /* KeyDetailView.swift in Sources */,
				CC9F75D8825F0FBCD66AA7A5 /* KeyManager.swift in Sources */,
				DCF884D3F0BB762E52B97C90 /* KeyManagerView.swift in Sources */,
				52E7AB6928DBD7BAB5A18380 /* KeyManagerViewModel.swift in Sources */,
				2F607C4D49E1E4D684C28BB4 /* KeyboardAccessoryView.swift in Sources */,
				BB64BABE77A5C5B4BFC51B3A /* KeychainKeyManager.swift in Sources */,
				C7A5E85448F40F0E0375BBFE /* KnownHostsStore.swift in Sources */,
				1BD36A6BACB475E9DFAE1D53 /* ProfileStore.swift in Sources */,
				762BB8779441EE0283CFD570 /* SEKeyAuthenticator.swift in Sources */,
				52D4F28FFD4B56D92302CE01 /* SSHAuthMethod.swift in Sources */,
				ADAA7597609064FD766A7CB6 /* SSHAuthenticatable.swift in Sources */,
				97CB67A9ADC96D8217BDBAB4 /* SSHConnectionProfile.swift in Sources */,
				0DEBBFCAFF7A86632663F198 /* SSHHostKey.swift in Sources */,
				199A969FC03066258287619B /* SSHIdentity.swift in Sources */,
				6E44F8FBA9BC1FECE6AAAEBB /* SSHSession.swift in Sources */,
				B2F78DA4D46B2128C871379E /* SSHSessionManager.swift in Sources */,
				4B9DEA460021D7BDD124B72C /* SSHTerminalDataSource.swift in Sources */,
				C1D2E3F4A5B60718394A5B6E /* QRFingerprintScanner.swift in Sources */,
				CC4FCE47DB7C71DBFA6F9370 /* SecureEnclaveKeyManager.swift in Sources */,
				DC5DC8A620D087485D216AD2 /* TerminalScreen.swift in Sources */,
				A8552C0C91F78A0EC351820B /* TerminalViewController.swift in Sources */,
				E44C6BB1D045F61D3E2262A0 /* TerminalViewRepresentable.swift in Sources */,
				A1B2C3D4E5F60718293A4B5C /* TerminalStateCache.swift in Sources */,
				B1A2C3D4E5F60001293A4B00 /* AlgorithmPolicy.swift in Sources */,
				B1A2C3D4E5F60001293A4B02 /* MemoryHygiene.swift in Sources */,
			);
			runOnlyForDeploymentPostprocessing = 0;
		};
		81032829A16F42A254C2D578 /* Sources */ = {
			isa = PBXSourcesBuildPhase;
			buildActionMask = 2147483647;
			files = (
				9D9219D22F28756A10FFD088 /* ConnectionViewModelTests.swift in Sources */,
				62260ED7A2BDB8D615C488F6 /* DivineMarsshTests.swift in Sources */,
				C1D2E3F4A5B60718394A5B70 /* FingerprintURIParserTests.swift in Sources */,
				378B8034F0BE8E7462F61FE8 /* FingerprintFormatterTests.swift in Sources */,
				874197CDF2AAD1EECD493E76 /* KeyManagerTests.swift in Sources */,
				68B6CE365228FB402E99CA9B /* KeyManagerViewModelTests.swift in Sources */,
				D14F4724981E1504598EFE21 /* KeyboardAccessoryTests.swift in Sources */,
				DD2F8E418AD9F2CBEFE6B6F4 /* KeychainKeyManagerTests.swift in Sources */,
				079C3FF7D065B99C9A027C15 /* KnownHostsStoreTests.swift in Sources */,
				FBB248C450F3C3855A16C4DE /* ModelTests.swift in Sources */,
				1653E14758A802E34B2D3453 /* ProfileStoreTests.swift in Sources */,
				CEC85CEEF1042D46E21E8BCA /* SSHSessionManagerTests.swift in Sources */,
				34E7B1C40E86B71969904166 /* SSHSessionTests.swift in Sources */,
				266962B636058A568FCB8F5C /* SSHTerminalDataSourceTests.swift in Sources */,
				C128ECD0BC522408E822547B /* SecureEnclaveKeyManagerTests.swift in Sources */,
				A1B2C3D4E5F60718293A4B5E /* TerminalStateCacheTests.swift in Sources */,
				B1A2C3D4E5F60001293A4B04 /* AlgorithmPolicyTests.swift in Sources */,
				B1A2C3D4E5F60001293A4B06 /* MemoryHygieneTests.swift in Sources */,
			);
			runOnlyForDeploymentPostprocessing = 0;
		};
/* End PBXSourcesBuildPhase section */

/* Begin PBXTargetDependency section */
		80C11F4ACA04DF9BCED5F19D /* PBXTargetDependency */ = {
			isa = PBXTargetDependency;
			target = 74D8105AA9F57520C462CB33 /* DivineMarssh */;
			targetProxy = 11CD0822E904EAF8D2D894B1 /* PBXContainerItemProxy */;
		};
/* End PBXTargetDependency section */

/* Begin XCBuildConfiguration section */
		1EDC5D42435EB43033E2423B /* Release */ = {
			isa = XCBuildConfiguration;
			buildSettings = {
				ASSETCATALOG_COMPILER_APPICON_NAME = AppIcon;
				CODE_SIGN_IDENTITY = "iPhone Developer";
				GENERATE_INFOPLIST_FILE = YES;
				INFOPLIST_FILE = App/Info.plist;
				INFOPLIST_KEY_NSFaceIDUsageDescription = "DivineMarssh uses Face ID to protect your SSH keys and authenticate securely.";
				INFOPLIST_KEY_NSLocalNetworkUsageDescription = "DivineMarssh needs local network access to connect to SSH servers on your network.";
				LD_RUNPATH_SEARCH_PATHS = (
					"$(inherited)",
					"@executable_path/Frameworks",
				);
				PRODUCT_BUNDLE_IDENTIFIER = com.divinemarssh.app;
				SDKROOT = iphoneos;
				TARGETED_DEVICE_FAMILY = "1,2";
			};
			name = Release;
		};
		2033326B32685AFD939A6AF8 /* Release */ = {
			isa = XCBuildConfiguration;
			buildSettings = {
				ALWAYS_SEARCH_USER_PATHS = NO;
				CLANG_ANALYZER_NONNULL = YES;
				CLANG_ANALYZER_NUMBER_OBJECT_CONVERSION = YES_AGGRESSIVE;
				CLANG_CXX_LANGUAGE_STANDARD = "gnu++14";
				CLANG_CXX_LIBRARY = "libc++";
				CLANG_ENABLE_MODULES = YES;
				CLANG_ENABLE_OBJC_ARC = YES;
				CLANG_ENABLE_OBJC_WEAK = YES;
				CLANG_WARN_BLOCK_CAPTURE_AUTORELEASING = YES;
				CLANG_WARN_BOOL_CONVERSION = YES;
				CLANG_WARN_COMMA = YES;
				CLANG_WARN_CONSTANT_CONVERSION = YES;
				CLANG_WARN_DEPRECATED_OBJC_IMPLEMENTATIONS = YES;
				CLANG_WARN_DIRECT_OBJC_ISA_USAGE = YES_ERROR;
				CLANG_WARN_DOCUMENTATION_COMMENTS = YES;
				CLANG_WARN_EMPTY_BODY = YES;
				CLANG_WARN_ENUM_CONVERSION = YES;
				CLANG_WARN_INFINITE_RECURSION = YES;
				CLANG_WARN_INT_CONVERSION = YES;
				CLANG_WARN_NON_LITERAL_NULL_CONVERSION = YES;
				CLANG_WARN_OBJC_IMPLICIT_RETAIN_SELF = YES;
				CLANG_WARN_OBJC_LITERAL_CONVERSION = YES;
				CLANG_WARN_OBJC_ROOT_CLASS = YES_ERROR;
				CLANG_WARN_QUOTED_INCLUDE_IN_FRAMEWORK_HEADER = YES;
				CLANG_WARN_RANGE_LOOP_ANALYSIS = YES;
				CLANG_WARN_STRICT_PROTOTYPES = YES;
				CLANG_WARN_SUSPICIOUS_MOVE = YES;
				CLANG_WARN_UNGUARDED_AVAILABILITY = YES_AGGRESSIVE;
				CLANG_WARN_UNREACHABLE_CODE = YES;
				CLANG_WARN__DUPLICATE_METHOD_MATCH = YES;
				COPY_PHASE_STRIP = NO;
				DEBUG_INFORMATION_FORMAT = "dwarf-with-dsym";
				ENABLE_NS_ASSERTIONS = NO;
				ENABLE_STRICT_OBJC_MSGSEND = YES;
				GCC_C_LANGUAGE_STANDARD = gnu11;
				GCC_NO_COMMON_BLOCKS = YES;
				GCC_WARN_64_TO_32_BIT_CONVERSION = YES;
				GCC_WARN_ABOUT_RETURN_TYPE = YES_ERROR;
				GCC_WARN_UNDECLARED_SELECTOR = YES;
				GCC_WARN_UNINITIALIZED_AUTOS = YES_AGGRESSIVE;
				GCC_WARN_UNUSED_FUNCTION = YES;
				GCC_WARN_UNUSED_VARIABLE = YES;
				IPHONEOS_DEPLOYMENT_TARGET = 17.0;
				MTL_ENABLE_DEBUG_INFO = NO;
				MTL_FAST_MATH = YES;
				PRODUCT_NAME = "$(TARGET_NAME)";
				SDKROOT = iphoneos;
				SWIFT_COMPILATION_MODE = wholemodule;
				SWIFT_OPTIMIZATION_LEVEL = "-O";
				SWIFT_STRICT_CONCURRENCY = complete;
				SWIFT_VERSION = 6.0;
			};
			name = Release;
		};
		28E42EC1778B5A67F2457CA6 /* Debug */ = {
			isa = XCBuildConfiguration;
			buildSettings = {
				BUNDLE_LOADER = "$(TEST_HOST)";
				GENERATE_INFOPLIST_FILE = YES;
				LD_RUNPATH_SEARCH_PATHS = (
					"$(inherited)",
					"@executable_path/Frameworks",
					"@loader_path/Frameworks",
				);
				PRODUCT_BUNDLE_IDENTIFIER = com.divinemarssh.tests;
				SDKROOT = iphoneos;
				TARGETED_DEVICE_FAMILY = "1,2";
				TEST_HOST = "$(BUILT_PRODUCTS_DIR)/DivineMarssh.app/DivineMarssh";
			};
			name = Debug;
		};
		36898FBDFA27F80AA7383513 /* Debug */ = {
			isa = XCBuildConfiguration;
			buildSettings = {
				ASSETCATALOG_COMPILER_APPICON_NAME = AppIcon;
				CODE_SIGN_IDENTITY = "iPhone Developer";
				GENERATE_INFOPLIST_FILE = YES;
				INFOPLIST_FILE = App/Info.plist;
				INFOPLIST_KEY_NSFaceIDUsageDescription = "DivineMarssh uses Face ID to protect your SSH keys and authenticate securely.";
				INFOPLIST_KEY_NSLocalNetworkUsageDescription = "DivineMarssh needs local network access to connect to SSH servers on your network.";
				LD_RUNPATH_SEARCH_PATHS = (
					"$(inherited)",
					"@executable_path/Frameworks",
				);
				PRODUCT_BUNDLE_IDENTIFIER = com.divinemarssh.app;
				SDKROOT = iphoneos;
				TARGETED_DEVICE_FAMILY = "1,2";
			};
			name = Debug;
		};
		750851B77FFCC25366CEDB4A /* Debug */ = {
			isa = XCBuildConfiguration;
			buildSettings = {
				ALWAYS_SEARCH_USER_PATHS = NO;
				CLANG_ANALYZER_NONNULL = YES;
				CLANG_ANALYZER_NUMBER_OBJECT_CONVERSION = YES_AGGRESSIVE;
				CLANG_CXX_LANGUAGE_STANDARD = "gnu++14";
				CLANG_CXX_LIBRARY = "libc++";
				CLANG_ENABLE_MODULES = YES;
				CLANG_ENABLE_OBJC_ARC = YES;
				CLANG_ENABLE_OBJC_WEAK = YES;
				CLANG_WARN_BLOCK_CAPTURE_AUTORELEASING = YES;
				CLANG_WARN_BOOL_CONVERSION = YES;
				CLANG_WARN_COMMA = YES;
				CLANG_WARN_CONSTANT_CONVERSION = YES;
				CLANG_WARN_DEPRECATED_OBJC_IMPLEMENTATIONS = YES;
				CLANG_WARN_DIRECT_OBJC_ISA_USAGE = YES_ERROR;
				CLANG_WARN_DOCUMENTATION_COMMENTS = YES;
				CLANG_WARN_EMPTY_BODY = YES;
				CLANG_WARN_ENUM_CONVERSION = YES;
				CLANG_WARN_INFINITE_RECURSION = YES;
				CLANG_WARN_INT_CONVERSION = YES;
				CLANG_WARN_NON_LITERAL_NULL_CONVERSION = YES;
				CLANG_WARN_OBJC_IMPLICIT_RETAIN_SELF = YES;
				CLANG_WARN_OBJC_LITERAL_CONVERSION = YES;
				CLANG_WARN_OBJC_ROOT_CLASS = YES_ERROR;
				CLANG_WARN_QUOTED_INCLUDE_IN_FRAMEWORK_HEADER = YES;
				CLANG_WARN_RANGE_LOOP_ANALYSIS = YES;
				CLANG_WARN_STRICT_PROTOTYPES = YES;
				CLANG_WARN_SUSPICIOUS_MOVE = YES;
				CLANG_WARN_UNGUARDED_AVAILABILITY = YES_AGGRESSIVE;
				CLANG_WARN_UNREACHABLE_CODE = YES;
				CLANG_WARN__DUPLICATE_METHOD_MATCH = YES;
				COPY_PHASE_STRIP = NO;
				DEBUG_INFORMATION_FORMAT = dwarf;
				ENABLE_STRICT_OBJC_MSGSEND = YES;
				ENABLE_TESTABILITY = YES;
				GCC_C_LANGUAGE_STANDARD = gnu11;
				GCC_DYNAMIC_NO_PIC = NO;
				GCC_NO_COMMON_BLOCKS = YES;
				GCC_OPTIMIZATION_LEVEL = 0;
				GCC_PREPROCESSOR_DEFINITIONS = (
					"$(inherited)",
					"DEBUG=1",
				);
				GCC_WARN_64_TO_32_BIT_CONVERSION = YES;
				GCC_WARN_ABOUT_RETURN_TYPE = YES_ERROR;
				GCC_WARN_UNDECLARED_SELECTOR = YES;
				GCC_WARN_UNINITIALIZED_AUTOS = YES_AGGRESSIVE;
				GCC_WARN_UNUSED_FUNCTION = YES;
				GCC_WARN_UNUSED_VARIABLE = YES;
				IPHONEOS_DEPLOYMENT_TARGET = 17.0;
				MTL_ENABLE_DEBUG_INFO = INCLUDE_SOURCE;
				MTL_FAST_MATH = YES;
				ONLY_ACTIVE_ARCH = YES;
				PRODUCT_NAME = "$(TARGET_NAME)";
				SDKROOT = iphoneos;
				SWIFT_ACTIVE_COMPILATION_CONDITIONS = DEBUG;
				SWIFT_OPTIMIZATION_LEVEL = "-Onone";
				SWIFT_STRICT_CONCURRENCY = complete;
				SWIFT_VERSION = 6.0;
			};
			name = Debug;
		};
		BFBC848CB243C780DCAF43B5 /* Release */ = {
			isa = XCBuildConfiguration;
			buildSettings = {
				BUNDLE_LOADER = "$(TEST_HOST)";
				GENERATE_INFOPLIST_FILE = YES;
				LD_RUNPATH_SEARCH_PATHS = (
					"$(inherited)",
					"@executable_path/Frameworks",
					"@loader_path/Frameworks",
				);
				PRODUCT_BUNDLE_IDENTIFIER = com.divinemarssh.tests;
				SDKROOT = iphoneos;
				TARGETED_DEVICE_FAMILY = "1,2";
				TEST_HOST = "$(BUILT_PRODUCTS_DIR)/DivineMarssh.app/DivineMarssh";
			};
			name = Release;
		};
/* End XCBuildConfiguration section */

/* Begin XCConfigurationList section */
		1A6FF3215959D457359AFFE6 /* Build configuration list for PBXProject "DivineMarssh" */ = {
			isa = XCConfigurationList;
			buildConfigurations = (
				750851B77FFCC25366CEDB4A /* Debug */,
				2033326B32685AFD939A6AF8 /* Release */,
			);
			defaultConfigurationIsVisible = 0;
			defaultConfigurationName = Debug;
		};
		1DB286DD0EA49F23BE21095F /* Build configuration list for PBXNativeTarget "DivineMarsshTests" */ = {
			isa = XCConfigurationList;
			buildConfigurations = (
				28E42EC1778B5A67F2457CA6 /* Debug */,
				BFBC848CB243C780DCAF43B5 /* Release */,
			);
			defaultConfigurationIsVisible = 0;
			defaultConfigurationName = Debug;
		};
		6E592D866BE704000B56CCFB /* Build configuration list for PBXNativeTarget "DivineMarssh" */ = {
			isa = XCConfigurationList;
			buildConfigurations = (
				36898FBDFA27F80AA7383513 /* Debug */,
				1EDC5D42435EB43033E2423B /* Release */,
			);
			defaultConfigurationIsVisible = 0;
			defaultConfigurationName = Debug;
		};
/* End XCConfigurationList section */

/* Begin XCRemoteSwiftPackageReference section */
		133525F71FE2A99E164C834F /* XCRemoteSwiftPackageReference "Citadel" */ = {
			isa = XCRemoteSwiftPackageReference;
			repositoryURL = "https://github.com/orlandos-nl/Citadel";
			requirement = {
				kind = upToNextMajorVersion;
				minimumVersion = 0.9.0;
			};
		};
		65D4C24FB86B685B2DCDCC17 /* XCRemoteSwiftPackageReference "swift-nio-transport-services" */ = {
			isa = XCRemoteSwiftPackageReference;
			repositoryURL = "https://github.com/apple/swift-nio-transport-services";
			requirement = {
				kind = upToNextMajorVersion;
				minimumVersion = 1.21.0;
			};
		};
		8254571F16D4110681EEA05A /* XCRemoteSwiftPackageReference "SwiftTerm" */ = {
			isa = XCRemoteSwiftPackageReference;
			repositoryURL = "https://github.com/migueldeicaza/SwiftTerm";
			requirement = {
				kind = upToNextMajorVersion;
				minimumVersion = 1.2.0;
			};
		};
		88F528284E3C592B308D605F /* XCRemoteSwiftPackageReference "swift-nio-ssh" */ = {
			isa = XCRemoteSwiftPackageReference;
			repositoryURL = "https://github.com/Joannis/swift-nio-ssh.git";
			requirement = {
				kind = upToNextMajorVersion;
				minimumVersion = 0.3.4;
			};
		};
		9A0008B6E2F67C6B4DD19153 /* XCRemoteSwiftPackageReference "swift-nio" */ = {
			isa = XCRemoteSwiftPackageReference;
			repositoryURL = "https://github.com/apple/swift-nio.git";
			requirement = {
				kind = upToNextMajorVersion;
				minimumVersion = 2.65.0;
			};
		};
/* End XCRemoteSwiftPackageReference section */

/* Begin XCSwiftPackageProductDependency section */
		147FB2FE6B85F58CA50C609B /* NIOTransportServices */ = {
			isa = XCSwiftPackageProductDependency;
			package = 65D4C24FB86B685B2DCDCC17 /* XCRemoteSwiftPackageReference "swift-nio-transport-services" */;
			productName = NIOTransportServices;
		};
		2405A6660E321E153729E2BD /* SwiftTerm */ = {
			isa = XCSwiftPackageProductDependency;
			package = 8254571F16D4110681EEA05A /* XCRemoteSwiftPackageReference "SwiftTerm" */;
			productName = SwiftTerm;
		};
		4E31904FC034D29999A090B0 /* Citadel */ = {
			isa = XCSwiftPackageProductDependency;
			package = 133525F71FE2A99E164C834F /* XCRemoteSwiftPackageReference "Citadel" */;
			productName = Citadel;
		};
		92EA5E8D61BCE96DD58C6501 /* NIOCore */ = {
			isa = XCSwiftPackageProductDependency;
			package = 9A0008B6E2F67C6B4DD19153 /* XCRemoteSwiftPackageReference "swift-nio" */;
			productName = NIOCore;
		};
		F20B148135D06BE4E3C65086 /* NIOSSH */ = {
			isa = XCSwiftPackageProductDependency;
			package = 88F528284E3C592B308D605F /* XCRemoteSwiftPackageReference "swift-nio-ssh" */;
			productName = NIOSSH;
		};
/* End XCSwiftPackageProductDependency section */
	};
	rootObject = 44FB17290E6FBE720BC6B785 /* Project object */;
}
